// !$*UTF8*$!
{
	archiveVersion = 1;
	classes = {
	};
	objectVersion = 77;
	objects = {

/* Begin PBXContainerItemProxy section */
		4D567B072EF1F35C0068367B /* PBXContainerItemProxy */ = {
			isa = PBXContainerItemProxy;
			containerPortal = 4D567AF12EF1F35A0068367B /* Project object */;
			proxyType = 1;
			remoteGlobalIDString = 4D567AF82EF1F35A0068367B;
			remoteInfo = SwiftUIMedicionApp;
		};
		4D567B112EF1F35C0068367B /* PBXContainerItemProxy */ = {
			isa = PBXContainerItemProxy;
			containerPortal = 4D567AF12EF1F35A0068367B /* Project object */;
			proxyType = 1;
			remoteGlobalIDString = 4D567AF82EF1F35A0068367B;
			remoteInfo = SwiftUIMedicionApp;
		};
/* End PBXContainerItemProxy section */

/* Begin PBXFileReference section */
		4D567AF92EF1F35A0068367B /* SwiftUIMedicionApp.app */ = {isa = PBXFileReference; explicitFileType = wrapper.application; includeInIndex = 0; path = SwiftUIMedicionApp.app; sourceTree = BUILT_PRODUCTS_DIR; };
		4D567B062EF1F35C0068367B /* SwiftUIMedicionAppTests.xctest */ = {isa = PBXFileReference; explicitFileType = wrapper.cfbundle; includeInIndex = 0; path = SwiftUIMedicionAppTests.xctest; sourceTree = BUILT_PRODUCTS_DIR; };
		4D567B102EF1F35C0068367B /* SwiftUIMedicionAppUITests.xctest */ = {isa = PBXFileReference; explicitFileType = wrapper.cfbundle; includeInIndex = 0; path = SwiftUIMedicionAppUITests.xctest; sourceTree = BUILT_PRODUCTS_DIR; };
/* End PBXFileReference section */

/* Begin PBXFileSystemSynchronizedRootGroup section */
		4D567AFB2EF1F35A0068367B /* SwiftUIMedicionApp */ = {
			isa = PBXFileSystemSynchronizedRootGroup;
			path = SwiftUIMedicionApp;
			sourceTree = "<group>";
		};
		4D567B092EF1F35C0068367B /* SwiftUIMedicionAppTests */ = {
			isa = PBXFileSystemSynchronizedRootGroup;
			path = SwiftUIMedicionAppTests;
			sourceTree = "<group>";
		};
		4D567B132EF1F35C0068367B /* SwiftUIMedicionAppUITests */ = {
			isa = PBXFileSystemSynchronizedRootGroup;
			path = SwiftUIMedicionAppUITests;
			sourceTree = "<group>";
		};
/* End PBXFileSystemSynchronizedRootGroup section */

/* Begin PBXFrameworksBuildPhase section */
		4D567AF62EF1F35A0068367B /* Frameworks */ = {
			isa = PBXFrameworksBuildPhase;
			buildActionMask = 2147483647;
			files = (
			);
			runOnlyForDeploymentPostprocessing = 0;
		};
		4D567B032EF1F35C0068367B /* Frameworks */ = {
			isa = PBXFrameworksBuildPhase;
			buildActionMask = 2147483647;
			files = (
			);
			runOnlyForDeploymentPostprocessing = 0;
		};
		4D567B0D2EF1F35C0068367B /* Frameworks */ = {
			isa = PBXFrameworksBuildPhase;
			buildActionMask = 2147483647;
			files = (
			);
			runOnlyForDeploymentPostprocessing = 0;
		};
/* End PBXFrameworksBuildPhase section */

/* Begin PBXGroup section */
		4D567AF02EF1F35A0068367B = {
			isa = PBXGroup;
			children = (
				4D567AFB2EF1F35A0068367B /* SwiftUIMedicionApp */,
				4D567B092EF1F35C0068367B /* SwiftUIMedicionAppTests */,
				4D567B132EF1F35C0068367B /* SwiftUIMedicionAppUITests */,
				4D567AFA2EF1F35A0068367B /* Products */,
			);
			sourceTree = "<group>";
		};
		4D567AFA2EF1F35A0068367B /* Products */ = {
			isa = PBXGroup;
			children = (
				4D567AF92EF1F35A0068367B /* SwiftUIMedicionApp.app */,
				4D567B062EF1F35C0068367B /* SwiftUIMedicionAppTests.xctest */,
				4D567B102EF1F35C0068367B /* SwiftUIMedicionAppUITests.xctest */,
			);
			name = Products;
			sourceTree = "<group>";
		};
/* End PBXGroup section */

/* Begin PBXNativeTarget section */
		4D567AF82EF1F35A0068367B /* SwiftUIMedicionApp */ = {
			isa = PBXNativeTarget;
			buildConfigurationList = 4D567B1A2EF1F35C0068367B /* Build configuration list for PBXNativeTarget "SwiftUIMedicionApp" */;
			buildPhases = (
				4D567AF52EF1F35A0068367B /* Sources */,
				4D567AF62EF1F35A0068367B /* Frameworks */,
				4D567AF72EF1F35A0068367B /* Resources */,
			);
			buildRules = (
			);
			dependencies = (
			);
			fileSystemSynchronizedGroups = (
				4D567AFB2EF1F35A0068367B /* SwiftUIMedicionApp */,
			);
			name = SwiftUIMedicionApp;
			packageProductDependencies = (
			);
			productName = SwiftUIMedicionApp;
			productReference = 4D567AF92EF1F35A0068367B /* SwiftUIMedicionApp.app */;
			productType = "com.apple.product-type.application";
		};
		4D567B052EF1F35C0068367B /* SwiftUIMedicionAppTests */ = {
			isa = PBXNativeTarget;
			buildConfigurationList = 4D567B1D2EF1F35C0068367B /* Build configuration list for PBXNativeTarget "SwiftUIMedicionAppTests" */;
			buildPhases = (
				4D567B022EF1F35C0068367B /* Sources */,
				4D567B032EF1F35C0068367B /* Frameworks */,
				4D567B042EF1F35C0068367B /* Resources */,
			);
			buildRules = (
			);
			dependencies = (
				4D567B082EF1F35C0068367B /* PBXTargetDependency */,
			);
			fileSystemSynchronizedGroups = (
				4D567B092EF1F35C0068367B /* SwiftUIMedicionAppTests */,
			);
			name = SwiftUIMedicionAppTests;
			packageProductDependencies = (
			);
			productName = SwiftUIMedicionAppTests;
			productReference = 4D567B062EF1F35C0068367B /* SwiftUIMedicionAppTests.xctest */;
			productType = "com.apple.product-type.bundle.unit-test";
		};
		4D567B0F2EF1F35C0068367B /* SwiftUIMedicionAppUITests */ = {
			isa = PBXNativeTarget;
			buildConfigurationList = 4D567B202EF1F35C0068367B /* Build configuration list for PBXNativeTarget "SwiftUIMedicionAppUITests" */;
			buildPhases = (
				4D567B0C2EF1F35C0068367B /* Sources */,
				4D567B0D2EF1F35C0068367B /* Frameworks */,
				4D567B0E2EF1F35C0068367B /* Resources */,
			);
			buildRules = (
			);
			dependencies = (
				4D567B122EF1F35C0068367B /* PBXTargetDependency */,
			);
			fileSystemSynchronizedGroups = (
				4D567B132EF1F35C0068367B /* SwiftUIMedicionAppUITests */,
			);
			name = SwiftUIMedicionAppUITests;
			packageProductDependencies = (
			);
			productName = SwiftUIMedicionAppUITests;
			productReference = 4D567B102EF1F35C0068367B /* SwiftUIMedicionAppUITests.xctest */;
			productType = "com.apple.product-type.bundle.ui-testing";
		};
/* End PBXNativeTarget section */

/* Begin PBXProject section */
		4D567AF12EF1F35A0068367B /* Project object */ = {
			isa = PBXProject;
			attributes = {
				BuildIndependentTargetsInParallel = 1;
				LastSwiftUpdateCheck = 2620;
				LastUpgradeCheck = 2620;
				TargetAttributes = {
					4D567AF82EF1F35A0068367B = {
						CreatedOnToolsVersion = 26.2;
					};
					4D567B052EF1F35C0068367B = {
						CreatedOnToolsVersion = 26.2;
						TestTargetID = 4D567AF82EF1F35A0068367B;
					};
					4D567B0F2EF1F35C0068367B = {
						CreatedOnToolsVersion = 26.2;
						TestTargetID = 4D567AF82EF1F35A0068367B;
					};
				};
			};
			buildConfigurationList = 4D567AF42EF1F35A0068367B /* Build configuration list for PBXProject "SwiftUIMedicionApp" */;
			developmentRegion = en;
			hasScannedForEncodings = 0;
			knownRegions = (
				en,
				Base,
			);
			mainGroup = 4D567AF02EF1F35A0068367B;
			minimizedProjectReferenceProxies = 1;
			preferredProjectObjectVersion = 77;
			productRefGroup = 4D567AFA2EF1F35A0068367B /* Products */;
			projectDirPath = "";
			projectRoot = "";
			targets = (
				4D567AF82EF1F35A0068367B /* SwiftUIMedicionApp */,
				4D567B052EF1F35C0068367B /* SwiftUIMedicionAppTests */,
				4D567B0F2EF1F35C0068367B /* SwiftUIMedicionAppUITests */,
			);
		};
/* End PBXProject section */

/* Begin PBXResourcesBuildPhase section */
		4D567AF72EF1F35A0068367B /* Resources */ = {
			isa = PBXResourcesBuildPhase;
			buildActionMask = 2147483647;
			files = (
			);
			runOnlyForDeploymentPostprocessing = 0;
		};
		4D567B042EF1F35C0068367B /* Resources */ = {
			isa = PBXResourcesBuildPhase;
			buildActionMask = 2147483647;
			files = (
			);
			runOnlyForDeploymentPostprocessing = 0;
		};
		4D567B0E2EF1F35C0068367B /* Resources */ = {
			isa = PBXResourcesBuildPhase;
			buildActionMask = 2147483647;
			files = (
			);
			runOnlyForDeploymentPostprocessing = 0;
		};
/* End PBXResourcesBuildPhase section */

/* Begin PBXSourcesBuildPhase section */
		4D567AF52EF1F35A0068367B /* Sources */ = {
			isa = PBXSourcesBuildPhase;
			buildActionMask = 2147483647;
			files = (
			);
			runOnlyForDeploymentPostprocessing = 0;
		};
		4D567B022EF1F35C0068367B /* Sources */ = {
			isa = PBXSourcesBuildPhase;
			buildActionMask = 2147483647;
			files = (
			);
			runOnlyForDeploymentPostprocessing = 0;
		};
		4D567B0C2EF1F35C0068367B /* Sources */ = {
			isa = PBXSourcesBuildPhase;
			buildActionMask = 2147483647;
			files = (
			);
			runOnlyForDeploymentPostprocessing = 0;
		};
/* End PBXSourcesBuildPhase section */

/* Begin PBXTargetDependency section */
		4D567B082EF1F35C0068367B /* PBXTargetDependency */ = {
			isa = PBXTargetDependency;
			target = 4D567AF82EF1F35A0068367B /* SwiftUIMedicionApp */;
			targetProxy = 4D567B072EF1F35C0068367B /* PBXContainerItemProxy */;
		};
		4D567B122EF1F35C0068367B /* PBXTargetDependency */ = {
			isa = PBXTargetDependency;
			target = 4D567AF82EF1F35A0068367B /* SwiftUIMedicionApp */;
			targetProxy = 4D567B112EF1F35C0068367B /* PBXContainerItemProxy */;
		};
/* End PBXTargetDependency section */

/* Begin XCBuildConfiguration section */
		4D567B182EF1F35C0068367B /* Debug */ = {
			isa = XCBuildConfiguration;
			buildSettings = {
				ALWAYS_SEARCH_USER_PATHS = NO;
				ASSETCATALOG_COMPILER_GENERATE_SWIFT_ASSET_SYMBOL_EXTENSIONS = YES;
				CLANG_ANALYZER_NONNULL = YES;
				CLANG_ANALYZER_NUMBER_OBJECT_CONVERSION = YES_AGGRESSIVE;
				CLANG_CXX_LANGUAGE_STANDARD = "gnu++20";
				CLANG_ENABLE_MODULES = YES;
				CLANG_ENABLE_OBJC_ARC = YES;
				CLANG_ENABLE_OBJC_WEAK = YES;
				CLANG_WARN_BLOCK_CAPTURE_AUTORELEASING = YES;
				CLANG_WARN_BOOL_CONVERSION = YES;
				CLANG_WARN_COMMA = YES;
				CLANG_WARN_CONSTANT_CONVERSION = YES;
				CLANG_WARN_DEPRECATED_OBJC_IMPLEMENTATIONS = YES;
				CLANG_WARN_DIRECT_OBJC_ISA_USAGE = YES_ERROR;
				CLANG_WARN_DOCUMENTATION_COMMENTS = YES;
				CLANG_WARN_EMPTY_BODY = YES;
				CLANG_WARN_ENUM_CONVERSION = YES;
				CLANG_WARN_INFINITE_RECURSION = YES;
				CLANG_WARN_INT_CONVERSION = YES;
				CLANG_WARN_NON_LITERAL_NULL_CONVERSION = YES;
				CLANG_WARN_OBJC_IMPLICIT_RETAIN_SELF = YES;
				CLANG_WARN_OBJC_LITERAL_CONVERSION = YES;
				CLANG_WARN_OBJC_ROOT_CLASS = YES_ERROR;
				CLANG_WARN_QUOTED_INCLUDE_IN_FRAMEWORK_HEADER = YES;
				CLANG_WARN_RANGE_LOOP_ANALYSIS = YES;
				CLANG_WARN_STRICT_PROTOTYPES = YES;
				CLANG_WARN_SUSPICIOUS_MOVE = YES;
				CLANG_WARN_UNGUARDED_AVAILABILITY = YES_AGGRESSIVE;
				CLANG_WARN_UNREACHABLE_CODE = YES;
				CLANG_WARN__DUPLICATE_METHOD_MATCH = YES;
				COPY_PHASE_STRIP = NO;
				DEBUG_INFORMATION_FORMAT = dwarf;
				DEVELOPMENT_TEAM = J97ASS5N9P;
				ENABLE_STRICT_OBJC_MSGSEND = YES;
				ENABLE_TESTABILITY = YES;
				ENABLE_USER_SCRIPT_SANDBOXING = YES;
				GCC_C_LANGUAGE_STANDARD = gnu17;
				GCC_DYNAMIC_NO_PIC = NO;
				GCC_NO_COMMON_BLOCKS = YES;
				GCC_OPTIMIZATION_LEVEL = 0;
				GCC_PREPROCESSOR_DEFINITIONS = (
					"DEBUG=1",
					"$(inherited)",
				);
				GCC_WARN_64_TO_32_BIT_CONVERSION = YES;
				GCC_WARN_ABOUT_RETURN_TYPE = YES_ERROR;
				GCC_WARN_UNDECLARED_SELECTOR = YES;
				GCC_WARN_UNINITIALIZED_AUTOS = YES_AGGRESSIVE;
				GCC_WARN_UNUSED_FUNCTION = YES;
				GCC_WARN_UNUSED_VARIABLE = YES;
				IPHONEOS_DEPLOYMENT_TARGET = 26.2;
				LOCALIZATION_PREFERS_STRING_CATALOGS = YES;
				MTL_ENABLE_DEBUG_INFO = INCLUDE_SOURCE;
				MTL_FAST_MATH = YES;
				ONLY_ACTIVE_ARCH = YES;
				SDKROOT = iphoneos;
				SWIFT_ACTIVE_COMPILATION_CONDITIONS = "DEBUG $(inherited)";
				SWIFT_OPTIMIZATION_LEVEL = "-Onone";
			};
			name = Debug;
		};
		4D567B192EF1F35C0068367B /* Release */ = {
			isa = XCBuildConfiguration;
			buildSettings = {
				ALWAYS_SEARCH_USER_PATHS = NO;
				ASSETCATALOG_COMPILER_GENERATE_SWIFT_ASSET_SYMBOL_EXTENSIONS = YES;
				CLANG_ANALYZER_NONNULL = YES;
				CLANG_ANALYZER_NUMBER_OBJECT_CONVERSION = YES_AGGRESSIVE;
				CLANG_CXX_LANGUAGE_STANDARD = "gnu++20";
				CLANG_ENABLE_MODULES = YES;
				CLANG_ENABLE_OBJC_ARC = YES;
				CLANG_ENABLE_OBJC_WEAK = YES;
				CLANG_WARN_BLOCK_CAPTURE_AUTORELEASING = YES;
				CLANG_WARN_BOOL_CONVERSION = YES;
				CLANG_WARN_COMMA = YES;
				CLANG_WARN_CONSTANT_CONVERSION = YES;
				CLANG_WARN_DEPRECATED_OBJC_IMPLEMENTATIONS = YES;
				CLANG_WARN_DIRECT_OBJC_ISA_USAGE = YES_ERROR;
				CLANG_WARN_DOCUMENTATION_COMMENTS = YES;
				CLANG_WARN_EMPTY_BODY = YES;
				CLANG_WARN_ENUM_CONVERSION = YES;
				CLANG_WARN_INFINITE_RECURSION = YES;
				CLANG_WARN_INT_CONVERSION = YES;
				CLANG_WARN_NON_LITERAL_NULL_CONVERSION = YES;
				CLANG_WARN_OBJC_IMPLICIT_RETAIN_SELF = YES;
				CLANG_WARN_OBJC_LITERAL_CONVERSION = YES;
				CLANG_WARN_OBJC_ROOT_CLASS = YES_ERROR;
				CLANG_WARN_QUOTED_INCLUDE_IN_FRAMEWORK_HEADER = YES;
				CLANG_WARN_RANGE_LOOP_ANALYSIS = YES;
				CLANG_WARN_STRICT_PROTOTYPES = YES;
				CLANG_WARN_SUSPICIOUS_MOVE = YES;
				CLANG_WARN_UNGUARDED_AVAILABILITY = YES_AGGRESSIVE;
				CLANG_WARN_UNREACHABLE_CODE = YES;
				CLANG_WARN__DUPLICATE_METHOD_MATCH = YES;
				COPY_PHASE_STRIP = NO;
				DEBUG_INFORMATION_FORMAT = "dwarf-with-dsym";
				DEVELOPMENT_TEAM = J97ASS5N9P;
				ENABLE_NS_ASSERTIONS = NO;
				ENABLE_STRICT_OBJC_MSGSEND = YES;
				ENABLE_USER_SCRIPT_SANDBOXING = YES;
				GCC_C_LANGUAGE_STANDARD = gnu17;
				GCC_NO_COMMON_BLOCKS = YES;
				GCC_WARN_64_TO_32_BIT_CONVERSION = YES;
				GCC_WARN_ABOUT_RETURN_TYPE = YES_ERROR;
				GCC_WARN_UNDECLARED_SELECTOR = YES;
				GCC_WARN_UNINITIALIZED_AUTOS = YES_AGGRESSIVE;
				GCC_WARN_UNUSED_FUNCTION = YES;
				GCC_WARN_UNUSED_VARIABLE = YES;
				IPHONEOS_DEPLOYMENT_TARGET = 26.2;
				LOCALIZATION_PREFERS_STRING_CATALOGS = YES;
				MTL_ENABLE_DEBUG_INFO = NO;
				MTL_FAST_MATH = YES;
				SDKROOT = iphoneos;
				SWIFT_COMPILATION_MODE = wholemodule;
				VALIDATE_PRODUCT = YES;
			};
			name = Release;
		};
		4D567B1B2EF1F35C0068367B /* Debug */ = {
			isa = XCBuildConfiguration;
			buildSettings = {
				ASSETCATALOG_COMPILER_APPICON_NAME = AppIcon;
				ASSETCATALOG_COMPILER_GLOBAL_ACCENT_COLOR_NAME = AccentColor;
				CODE_SIGN_STYLE = Automatic;
				CURRENT_PROJECT_VERSION = 1;
				DEVELOPMENT_TEAM = J97ASS5N9P;
				ENABLE_PREVIEWS = YES;
				GENERATE_INFOPLIST_FILE = YES;
				INFOPLIST_KEY_UIApplicationSceneManifest_Generation = YES;
				INFOPLIST_KEY_UIApplicationSupportsIndirectInputEvents = YES;
				INFOPLIST_KEY_UILaunchScreen_Generation = YES;
				INFOPLIST_KEY_UISupportedInterfaceOrientations_iPad = "UIInterfaceOrientationPortrait UIInterfaceOrientationPortraitUpsideDown UIInterfaceOrientationLandscapeLeft UIInterfaceOrientationLandscapeRight";
				INFOPLIST_KEY_UISupportedInterfaceOrientations_iPhone = "UIInterfaceOrientationPortrait UIInterfaceOrientationLandscapeLeft UIInterfaceOrientationLandscapeRight";
				IPHONEOS_DEPLOYMENT_TARGET = 26.0;
				LD_RUNPATH_SEARCH_PATHS = (
					"$(inherited)",
					"@executable_path/Frameworks",
				);
				MARKETING_VERSION = 1.0;
				PRODUCT_BUNDLE_IDENTIFIER = com.heinzdev.SwiftUIMedicionApp;
				PRODUCT_NAME = "$(TARGET_NAME)";
				STRING_CATALOG_GENERATE_SYMBOLS = YES;
				SWIFT_APPROACHABLE_CONCURRENCY = YES;
				SWIFT_DEFAULT_ACTOR_ISOLATION = MainActor;
				SWIFT_EMIT_LOC_STRINGS = YES;
				SWIFT_UPCOMING_FEATURE_MEMBER_IMPORT_VISIBILITY = YES;
				SWIFT_VERSION = 5.0;
				TARGETED_DEVICE_FAMILY = "1,2";
			};
			name = Debug;
		};
		4D567B1C2EF1F35C0068367B /* Release */ = {
			isa = XCBuildConfiguration;
			buildSettings = {
				ASSETCATALOG_COMPILER_APPICON_NAME = AppIcon;
				ASSETCATALOG_COMPILER_GLOBAL_ACCENT_COLOR_NAME = AccentColor;
				CODE_SIGN_STYLE = Automatic;
				CURRENT_PROJECT_VERSION = 1;
				DEVELOPMENT_TEAM = J97ASS5N9P;
				ENABLE_PREVIEWS = YES;
				GENERATE_INFOPLIST_FILE = YES;
				INFOPLIST_KEY_UIApplicationSceneManifest_Generation = YES;
				INFOPLIST_KEY_UIApplicationSupportsIndirectInputEvents = YES;
				INFOPLIST_KEY_UILaunchScreen_Generation = YES;
				INFOPLIST_KEY_UISupportedInterfaceOrientations_iPad = "UIInterfaceOrientationPortrait UIInterfaceOrientationPortraitUpsideDown UIInterfaceOrientationLandscapeLeft UIInterfaceOrientationLandscapeRight";
				INFOPLIST_KEY_UISupportedInterfaceOrientations_iPhone = "UIInterfaceOrientationPortrait UIInterfaceOrientationLandscapeLeft UIInterfaceOrientationLandscapeRight";
				IPHONEOS_DEPLOYMENT_TARGET = 26.0;
				LD_RUNPATH_SEARCH_PATHS = (
					"$(inherited)",
					"@executable_path/Frameworks",
				);
				MARKETING_VERSION = 1.0;
				PRODUCT_BUNDLE_IDENTIFIER = com.heinzdev.SwiftUIMedicionApp;
				PRODUCT_NAME = "$(TARGET_NAME)";
				STRING_CATALOG_GENERATE_SYMBOLS = YES;
				SWIFT_APPROACHABLE_CONCURRENCY = YES;
				SWIFT_DEFAULT_ACTOR_ISOLATION = MainActor;
				SWIFT_EMIT_LOC_STRINGS = YES;
				SWIFT_UPCOMING_FEATURE_MEMBER_IMPORT_VISIBILITY = YES;
				SWIFT_VERSION = 5.0;
				TARGETED_DEVICE_FAMILY = "1,2";
			};
			name = Release;
		};
		4D567B1E2EF1F35C0068367B /* Debug */ = {
			isa = XCBuildConfiguration;
			buildSettings = {
				BUNDLE_LOADER = "$(TEST_HOST)";
				CODE_SIGN_STYLE = Automatic;
				CURRENT_PROJECT_VERSION = 1;
				DEVELOPMENT_TEAM = J97ASS5N9P;
				GENERATE_INFOPLIST_FILE = YES;
				IPHONEOS_DEPLOYMENT_TARGET = 26.2;
				MARKETING_VERSION = 1.0;
				PRODUCT_BUNDLE_IDENTIFIER = com.heinzdev.SwiftUIMedicionAppTests;
				PRODUCT_NAME = "$(TARGET_NAME)";
				STRING_CATALOG_GENERATE_SYMBOLS = NO;
				SWIFT_APPROACHABLE_CONCURRENCY = YES;
				SWIFT_EMIT_LOC_STRINGS = NO;
				SWIFT_UPCOMING_FEATURE_MEMBER_IMPORT_VISIBILITY = YES;
				SWIFT_VERSION = 5.0;
				TARGETED_DEVICE_FAMILY = "1,2";
				TEST_HOST = "$(BUILT_PRODUCTS_DIR)/SwiftUIMedicionApp.app/$(BUNDLE_EXECUTABLE_FOLDER_PATH)/SwiftUIMedicionApp";
			};
			name = Debug;
		};
		4D567B1F2EF1F35C0068367B /* Release */ = {
			isa = XCBuildConfiguration;
			buildSettings = {
				BUNDLE_LOADER = "$(TEST_HOST)";
				CODE_SIGN_STYLE = Automatic;
				CURRENT_PROJECT_VERSION = 1;
				DEVELOPMENT_TEAM = J97ASS5N9P;
				GENERATE_INFOPLIST_FILE = YES;
				IPHONEOS_DEPLOYMENT_TARGET = 26.2;
				MARKETING_VERSION = 1.0;
				PRODUCT_BUNDLE_IDENTIFIER = com.heinzdev.SwiftUIMedicionAppTests;
				PRODUCT_NAME = "$(TARGET_NAME)";
				STRING_CATALOG_GENERATE_SYMBOLS = NO;
				SWIFT_APPROACHABLE_CONCURRENCY = YES;
				SWIFT_EMIT_LOC_STRINGS = NO;
				SWIFT_UPCOMING_FEATURE_MEMBER_IMPORT_VISIBILITY = YES;
				SWIFT_VERSION = 5.0;
				TARGETED_DEVICE_FAMILY = "1,2";
				TEST_HOST = "$(BUILT_PRODUCTS_DIR)/SwiftUIMedicionApp.app/$(BUNDLE_EXECUTABLE_FOLDER_PATH)/SwiftUIMedicionApp";
			};
			name = Release;
		};
		4D567B212EF1F35C0068367B /* Debug */ = {
			isa = XCBuildConfiguration;
			buildSettings = {
				CODE_SIGN_STYLE = Automatic;
				CURRENT_PROJECT_VERSION = 1;
				DEVELOPMENT_TEAM = J97ASS5N9P;
				GENERATE_INFOPLIST_FILE = YES;
				MARKETING_VERSION = 1.0;
				PRODUCT_BUNDLE_IDENTIFIER = com.heinzdev.SwiftUIMedicionAppUITests;
				PRODUCT_NAME = "$(TARGET_NAME)";
				STRING_CATALOG_GENERATE_SYMBOLS = NO;
				SWIFT_APPROACHABLE_CONCURRENCY = YES;
				SWIFT_EMIT_LOC_STRINGS = NO;
				SWIFT_UPCOMING_FEATURE_MEMBER_IMPORT_VISIBILITY = YES;
				SWIFT_VERSION = 5.0;
				TARGETED_DEVICE_FAMILY = "1,2";
				TEST_TARGET_NAME = SwiftUIMedicionApp;
			};
			name = Debug;
		};
		4D567B222EF1F35C0068367B /* Release */ = {
			isa = XCBuildConfiguration;
			buildSettings = {
				CODE_SIGN_STYLE = Automatic;
				CURRENT_PROJECT_VERSION = 1;
				DEVELOPMENT_TEAM = J97ASS5N9P;
				GENERATE_INFOPLIST_FILE = YES;
				MARKETING_VERSION = 1.0;
				PRODUCT_BUNDLE_IDENTIFIER = com.heinzdev.SwiftUIMedicionAppUITests;
				PRODUCT_NAME = "$(TARGET_NAME)";
				STRING_CATALOG_GENERATE_SYMBOLS = NO;
				SWIFT_APPROACHABLE_CONCURRENCY = YES;
				SWIFT_EMIT_LOC_STRINGS = NO;
				SWIFT_UPCOMING_FEATURE_MEMBER_IMPORT_VISIBILITY = YES;
				SWIFT_VERSION = 5.0;
				TARGETED_DEVICE_FAMILY = "1,2";
				TEST_TARGET_NAME = SwiftUIMedicionApp;
			};
			name = Release;
		};
/* End XCBuildConfiguration section */

/* Begin XCConfigurationList section */
		4D567AF42EF1F35A0068367B /* Build configuration list for PBXProject "SwiftUIMedicionApp" */ = {
			isa = XCConfigurationList;
			buildConfigurations = (
				4D567B182EF1F35C0068367B /* Debug */,
				4D567B192EF1F35C0068367B /* Release */,
			);
			defaultConfigurationIsVisible = 0;
			defaultConfigurationName = Release;
		};
		4D567B1A2EF1F35C0068367B /* Build configuration list for PBXNativeTarget "SwiftUIMedicionApp" */ = {
			isa = XCConfigurationList;
			buildConfigurations = (
				4D567B1B2EF1F35C0068367B /* Debug */,
				4D567B1C2EF1F35C0068367B /* Release */,
			);
			defaultConfigurationIsVisible = 0;
			defaultConfigurationName = Release;
		};
		4D567B1D2EF1F35C0068367B /* Build configuration list for PBXNativeTarget "SwiftUIMedicionAppTests" */ = {
			isa = XCConfigurationList;
			buildConfigurations = (
				4D567B1E2EF1F35C0068367B /* Debug */,
				4D567B1F2EF1F35C0068367B /* Release */,
			);
			defaultConfigurationIsVisible = 0;
			defaultConfigurationName = Release;
		};
		4D567B202EF1F35C0068367B /* Build configuration list for PBXNativeTarget "SwiftUIMedicionAppUITests" */ = {
			isa = XCConfigurationList;
			buildConfigurations = (
				4D567B212EF1F35C0068367B /* Debug */,
				4D567B222EF1F35C0068367B /* Release */,
			);
			defaultConfigurationIsVisible = 0;
			defaultConfigurationName = Release;
		};
/* End XCConfigurationList section */
	};
	rootObject = 4D567AF12EF1F35A0068367B /* Project object */;
}
